// !$*UTF8*$!
{
	archiveVersion = 1;
	classes = {
	};
	objectVersion = 56;
	objects = {

/* Begin PBXBuildFile section */
		06924E8E2AA6188700D7F9FB /* AppDelegate.swift in Sources */ = {isa = PBXBuildFile; fileRef = 06924E8D2AA6188700D7F9FB /* AppDelegate.swift */; };
		06924E902AA6188700D7F9FB /* SceneDelegate.swift in Sources */ = {isa = PBXBuildFile; fileRef = 06924E8F2AA6188700D7F9FB /* SceneDelegate.swift */; };
		06924E922AA6188700D7F9FB /* ViewController.swift in Sources */ = {isa = PBXBuildFile; fileRef = 06924E912AA6188700D7F9FB /* ViewController.swift */; };
		06924E952AA6188700D7F9FB /* Main.storyboard in Resources */ = {isa = PBXBuildFile; fileRef = 06924E932AA6188700D7F9FB /* Main.storyboard */; };
		06924E972AA6188700D7F9FB /* Assets.xcassets in Resources */ = {isa = PBXBuildFile; fileRef = 06924E962AA6188700D7F9FB /* Assets.xcassets */; };
		06924E9A2AA6188700D7F9FB /* LaunchScreen.storyboard in Resources */ = {isa = PBXBuildFile; fileRef = 06924E982AA6188700D7F9FB /* LaunchScreen.storyboard */; };
		06924EA22AA6215500D7F9FB /* Question.swift in Sources */ = {isa = PBXBuildFile; fileRef = 06924EA12AA6215500D7F9FB /* Question.swift */; };
		06924EA62AA65F0D00D7F9FB /* correct.mp3 in Resources */ = {isa = PBXBuildFile; fileRef = 06924EA42AA65F0D00D7F9FB /* correct.mp3 */; };
		06924EA72AA65F0D00D7F9FB /* wrong.mp3 in Resources */ = {isa = PBXBuildFile; fileRef = 06924EA52AA65F0D00D7F9FB /* wrong.mp3 */; };
		069CD8902AA8E70A00C09F71 /* QuizBrain.swift in Sources */ = {isa = PBXBuildFile; fileRef = 069CD88F2AA8E70A00C09F71 /* QuizBrain.swift */; };
/* End PBXBuildFile section */

/* Begin PBXFileReference section */
		06924E8A2AA6188700D7F9FB /* Quizzler.app */ = {isa = PBXFileReference; explicitFileType = wrapper.application; includeInIndex = 0; path = Quizzler.app; sourceTree = BUILT_PRODUCTS_DIR; };
		06924E8D2AA6188700D7F9FB /* AppDelegate.swift */ = {isa = PBXFileReference; lastKnownFileType = sourcecode.swift; path = AppDelegate.swift; sourceTree = "<group>"; };
		06924E8F2AA6188700D7F9FB /* SceneDelegate.swift */ = {isa = PBXFileReference; lastKnownFileType = sourcecode.swift; path = SceneDelegate.swift; sourceTree = "<group>"; };
		06924E912AA6188700D7F9FB /* ViewController.swift */ = {isa = PBXFileReference; lastKnownFileType = sourcecode.swift; path = ViewController.swift; sourceTree = "<group>"; };
		06924E942AA6188700D7F9FB /* Base */ = {isa = PBXFileReference; lastKnownFileType = file.storyboard; name = Base; path = Base.lproj/Main.storyboard; sourceTree = "<group>"; };
		06924E962AA6188700D7F9FB /* Assets.xcassets */ = {isa = PBXFileReference; lastKnownFileType = folder.assetcatalog; path = Assets.xcassets; sourceTree = "<group>"; };
		06924E992AA6188700D7F9FB /* Base */ = {isa = PBXFileReference; lastKnownFileType = file.storyboard; name = Base; path = Base.lproj/LaunchScreen.storyboard; sourceTree = "<group>"; };
		06924E9B2AA6188700D7F9FB /* Info.plist */ = {isa = PBXFileReference; lastKnownFileType = text.plist.xml; path = Info.plist; sourceTree = "<group>"; };
		06924EA12AA6215500D7F9FB /* Question.swift */ = {isa = PBXFileReference; lastKnownFileType = sourcecode.swift; path = Question.swift; sourceTree = "<group>"; };
		06924EA42AA65F0D00D7F9FB /* correct.mp3 */ = {isa = PBXFileReference; lastKnownFileType = audio.mp3; path = correct.mp3; sourceTree = "<group>"; };
		06924EA52AA65F0D00D7F9FB /* wrong.mp3 */ = {isa = PBXFileReference; lastKnownFileType = audio.mp3; path = wrong.mp3; sourceTree = "<group>"; };
		069CD88F2AA8E70A00C09F71 /* QuizBrain.swift */ = {isa = PBXFileReference; lastKnownFileType = sourcecode.swift; path = QuizBrain.swift; sourceTree = "<group>"; };
/* End PBXFileReference section */

/* Begin PBXFrameworksBuildPhase section */
		06924E872AA6188700D7F9FB /* Frameworks */ = {
			isa = PBXFrameworksBuildPhase;
			buildActionMask = 2147483647;
			files = (
			);
			runOnlyForDeploymentPostprocessing = 0;
		};
/* End PBXFrameworksBuildPhase section */

/* Begin PBXGroup section */
		06924E812AA6188700D7F9FB = {
			isa = PBXGroup;
			children = (
				06924E8C2AA6188700D7F9FB /* Quizzler */,
				06924E8B2AA6188700D7F9FB /* Products */,
			);
			sourceTree = "<group>";
		};
		06924E8B2AA6188700D7F9FB /* Products */ = {
			isa = PBXGroup;
			children = (
				06924E8A2AA6188700D7F9FB /* Quizzler.app */,
			);
			name = Products;
			sourceTree = "<group>";
		};
		06924E8C2AA6188700D7F9FB /* Quizzler */ = {
			isa = PBXGroup;
			children = (
				06924EA32AA65EE100D7F9FB /* Sounds */,
				06924E8D2AA6188700D7F9FB /* AppDelegate.swift */,
				06924E8F2AA6188700D7F9FB /* SceneDelegate.swift */,
				069CD88C2AA8E3ED00C09F71 /* Controller */,
				069CD88D2AA8E6F600C09F71 /* View */,
				06924E962AA6188700D7F9FB /* Assets.xcassets */,
				06924E982AA6188700D7F9FB /* LaunchScreen.storyboard */,
				06924E9B2AA6188700D7F9FB /* Info.plist */,
				069CD88E2AA8E6FD00C09F71 /* Model */,
			);
			path = Quizzler;
			sourceTree = "<group>";
		};
		06924EA32AA65EE100D7F9FB /* Sounds */ = {
			isa = PBXGroup;
			children = (
				06924EA42AA65F0D00D7F9FB /* correct.mp3 */,
				06924EA52AA65F0D00D7F9FB /* wrong.mp3 */,
			);
			path = Sounds;
			sourceTree = "<group>";
		};
		069CD88C2AA8E3ED00C09F71 /* Controller */ = {
			isa = PBXGroup;
			children = (
				06924E912AA6188700D7F9FB /* ViewController.swift */,
			);
			path = Controller;
			sourceTree = "<group>";
		};
		069CD88D2AA8E6F600C09F71 /* View */ = {
			isa = PBXGroup;
			children = (
				06924E932AA6188700D7F9FB /* Main.storyboard */,
			);
			path = View;
			sourceTree = "<group>";
		};
		069CD88E2AA8E6FD00C09F71 /* Model */ = {
			isa = PBXGroup;
			children = (
				06924EA12AA6215500D7F9FB /* Question.swift */,
				069CD88F2AA8E70A00C09F71 /* QuizBrain.swift */,
			);
			path = Model;
			sourceTree = "<group>";
		};
/* End PBXGroup section */

/* Begin PBXNativeTarget section */
		06924E892AA6188700D7F9FB /* Quizzler */ = {
			isa = PBXNativeTarget;
			buildConfigurationList = 06924E9E2AA6188700D7F9FB /* Build configuration list for PBXNativeTarget "Quizzler" */;
			buildPhases = (
				06924E862AA6188700D7F9FB /* Sources */,
				06924E872AA6188700D7F9FB /* Frameworks */,
				06924E882AA6188700D7F9FB /* Resources */,
			);
			buildRules = (
			);
			dependencies = (
			);
			name = Quizzler;
			productName = Quizzler;
			productReference = 06924E8A2AA6188700D7F9FB /* Quizzler.app */;
			productType = "com.apple.product-type.application";
		};
/* End PBXNativeTarget section */

/* Begin PBXProject section */
		06924E822AA6188700D7F9FB /* Project object */ = {
			isa = PBXProject;
			attributes = {
				BuildIndependentTargetsInParallel = 1;
				LastSwiftUpdateCheck = 1430;
				LastUpgradeCheck = 1430;
				TargetAttributes = {
					06924E892AA6188700D7F9FB = {
						CreatedOnToolsVersion = 14.3.1;
					};
				};
			};
			buildConfigurationList = 06924E852AA6188700D7F9FB /* Build configuration list for PBXProject "Quizzler" */;
			compatibilityVersion = "Xcode 14.0";
			developmentRegion = en;
			hasScannedForEncodings = 0;
			knownRegions = (
				en,
				Base,
			);
			mainGroup = 06924E812AA6188700D7F9FB;
			productRefGroup = 06924E8B2AA6188700D7F9FB /* Products */;
			projectDirPath = "";
			projectRoot = "";
			targets = (
				06924E892AA6188700D7F9FB /* Quizzler */,
			);
		};
/* End PBXProject section */

/* Begin PBXResourcesBuildPhase section */
		06924E882AA6188700D7F9FB /* Resources */ = {
			isa = PBXResourcesBuildPhase;
			buildActionMask = 2147483647;
			files = (
				06924EA72AA65F0D00D7F9FB /* wrong.mp3 in Resources */,
				06924E9A2AA6188700D7F9FB /* LaunchScreen.storyboard in Resources */,
				06924E972AA6188700D7F9FB /* Assets.xcassets in Resources */,
				06924E952AA6188700D7F9FB /* Main.storyboard in Resources */,
				06924EA62AA65F0D00D7F9FB /* correct.mp3 in Resources */,
			);
			runOnlyForDeploymentPostprocessing = 0;
		};
/* End PBXResourcesBuildPhase section */

/* Begin PBXSourcesBuildPhase section */
		06924E862AA6188700D7F9FB /* Sources */ = {
			isa = PBXSourcesBuildPhase;
			buildActionMask = 2147483647;
			files = (
				069CD8902AA8E70A00C09F71 /* QuizBrain.swift in Sources */,
				06924E922AA6188700D7F9FB /* ViewController.swift in Sources */,
				06924EA22AA6215500D7F9FB /* Question.swift in Sources */,
				06924E8E2AA6188700D7F9FB /* AppDelegate.swift in Sources */,
				06924E902AA6188700D7F9FB /* SceneDelegate.swift in Sources */,
			);
			runOnlyForDeploymentPostprocessing = 0;
		};
/* End PBXSourcesBuildPhase section */

/* Begin PBXVariantGroup section */
		06924E932AA6188700D7F9FB /* Main.storyboard */ = {
			isa = PBXVariantGroup;
			children = (
				06924E942AA6188700D7F9FB /* Base */,
			);
			name = Main.storyboard;
			sourceTree = "<group>";
		};
		06924E982AA6188700D7F9FB /* LaunchScreen.storyboard */ = {
			isa = PBXVariantGroup;
			children = (
				06924E992AA6188700D7F9FB /* Base */,
			);
			name = LaunchScreen.storyboard;
			sourceTree = "<group>";
		};
/* End PBXVariantGroup section */

/* Begin XCBuildConfiguration section */
		06924E9C2AA6188700D7F9FB /* Debug */ = {
			isa = XCBuildConfiguration;
			buildSettings = {
				ALWAYS_SEARCH_USER_PATHS = NO;
				CLANG_ANALYZER_NONNULL = YES;
				CLANG_ANALYZER_NUMBER_OBJECT_CONVERSION = YES_AGGRESSIVE;
				CLANG_CXX_LANGUAGE_STANDARD = "gnu++20";
				CLANG_ENABLE_MODULES = YES;
				CLANG_ENABLE_OBJC_ARC = YES;
				CLANG_ENABLE_OBJC_WEAK = YES;
				CLANG_WARN_BLOCK_CAPTURE_AUTORELEASING = YES;
				CLANG_WARN_BOOL_CONVERSION = YES;
				CLANG_WARN_COMMA = YES;
				CLANG_WARN_CONSTANT_CONVERSION = YES;
				CLANG_WARN_DEPRECATED_OBJC_IMPLEMENTATIONS = YES;
				CLANG_WARN_DIRECT_OBJC_ISA_USAGE = YES_ERROR;
				CLANG_WARN_DOCUMENTATION_COMMENTS = YES;
				CLANG_WARN_EMPTY_BODY = YES;
				CLANG_WARN_ENUM_CONVERSION = YES;
				CLANG_WARN_INFINITE_RECURSION = YES;
				CLANG_WARN_INT_CONVERSION = YES;
				CLANG_WARN_NON_LITERAL_NULL_CONVERSION = YES;
				CLANG_WARN_OBJC_IMPLICIT_RETAIN_SELF = YES;
				CLANG_WARN_OBJC_LITERAL_CONVERSION = YES;
				CLANG_WARN_OBJC_ROOT_CLASS = YES_ERROR;
				CLANG_WARN_QUOTED_INCLUDE_IN_FRAMEWORK_HEADER = YES;
				CLANG_WARN_RANGE_LOOP_ANALYSIS = YES;
				CLANG_WARN_STRICT_PROTOTYPES = YES;
				CLANG_WARN_SUSPICIOUS_MOVE = YES;
				CLANG_WARN_UNGUARDED_AVAILABILITY = YES_AGGRESSIVE;
				CLANG_WARN_UNREACHABLE_CODE = YES;
				CLANG_WARN__DUPLICATE_METHOD_MATCH = YES;
				COPY_PHASE_STRIP = NO;
				DEBUG_INFORMATION_FORMAT = dwarf;
				ENABLE_STRICT_OBJC_MSGSEND = YES;
				ENABLE_TESTABILITY = YES;
				GCC_C_LANGUAGE_STANDARD = gnu11;
				GCC_DYNAMIC_NO_PIC = NO;
				GCC_NO_COMMON_BLOCKS = YES;
				GCC_OPTIMIZATION_LEVEL = 0;
				GCC_PREPROCESSOR_DEFINITIONS = (
					"DEBUG=1",
					"$(inherited)",
				);
				GCC_WARN_64_TO_32_BIT_CONVERSION = YES;
				GCC_WARN_ABOUT_RETURN_TYPE = YES_ERROR;
				GCC_WARN_UNDECLARED_SELECTOR = YES;
				GCC_WARN_UNINITIALIZED_AUTOS = YES_AGGRESSIVE;
				GCC_WARN_UNUSED_FUNCTION = YES;
				GCC_WARN_UNUSED_VARIABLE = YES;
				IPHONEOS_DEPLOYMENT_TARGET = 16.4;
				MTL_ENABLE_DEBUG_INFO = INCLUDE_SOURCE;
				MTL_FAST_MATH = YES;
				ONLY_ACTIVE_ARCH = YES;
				SDKROOT = iphoneos;
				SWIFT_ACTIVE_COMPILATION_CONDITIONS = DEBUG;
				SWIFT_OPTIMIZATION_LEVEL = "-Onone";
			};
			name = Debug;
		};
		06924E9D2AA6188700D7F9FB /* Release */ = {
			isa = XCBuildConfiguration;
			buildSettings = {
				ALWAYS_SEARCH_USER_PATHS = NO;
				CLANG_ANALYZER_NONNULL = YES;
				CLANG_ANALYZER_NUMBER_OBJECT_CONVERSION = YES_AGGRESSIVE;
				CLANG_CXX_LANGUAGE_STANDARD = "gnu++20";
				CLANG_ENABLE_MODULES = YES;
				CLANG_ENABLE_OBJC_ARC = YES;
				CLANG_ENABLE_OBJC_WEAK = YES;
				CLANG_WARN_BLOCK_CAPTURE_AUTORELEASING = YES;
				CLANG_WARN_BOOL_CONVERSION = YES;
				CLANG_WARN_COMMA = YES;
				CLANG_WARN_CONSTANT_CONVERSION = YES;
				CLANG_WARN_DEPRECATED_OBJC_IMPLEMENTATIONS = YES;
				CLANG_WARN_DIRECT_OBJC_ISA_USAGE = YES_ERROR;
				CLANG_WARN_DOCUMENTATION_COMMENTS = YES;
				CLANG_WARN_EMPTY_BODY = YES;
				CLANG_WARN_ENUM_CONVERSION = YES;
				CLANG_WARN_INFINITE_RECURSION = YES;
				CLANG_WARN_INT_CONVERSION = YES;
				CLANG_WARN_NON_LITERAL_NULL_CONVERSION = YES;
				CLANG_WARN_OBJC_IMPLICIT_RETAIN_SELF = YES;
				CLANG_WARN_OBJC_LITERAL_CONVERSION = YES;
				CLANG_WARN_OBJC_ROOT_CLASS = YES_ERROR;
				CLANG_WARN_QUOTED_INCLUDE_IN_FRAMEWORK_HEADER = YES;
				CLANG_WARN_RANGE_LOOP_ANALYSIS = YES;
				CLANG_WARN_STRICT_PROTOTYPES = YES;
				CLANG_WARN_SUSPICIOUS_MOVE = YES;
				CLANG_WARN_UNGUARDED_AVAILABILITY = YES_AGGRESSIVE;
				CLANG_WARN_UNREACHABLE_CODE = YES;
				CLANG_WARN__DUPLICATE_METHOD_MATCH = YES;
				COPY_PHASE_STRIP = NO;
				DEBUG_INFORMATION_FORMAT = "dwarf-with-dsym";
				ENABLE_NS_ASSERTIONS = NO;
				ENABLE_STRICT_OBJC_MSGSEND = YES;
				GCC_C_LANGUAGE_STANDARD = gnu11;
				GCC_NO_COMMON_BLOCKS = YES;
				GCC_WARN_64_TO_32_BIT_CONVERSION = YES;
				GCC_WARN_ABOUT_RETURN_TYPE = YES_ERROR;
				GCC_WARN_UNDECLARED_SELECTOR = YES;
				GCC_WARN_UNINITIALIZED_AUTOS = YES_AGGRESSIVE;
				GCC_WARN_UNUSED_FUNCTION = YES;
				GCC_WARN_UNUSED_VARIABLE = YES;
				IPHONEOS_DEPLOYMENT_TARGET = 16.4;
				MTL_ENABLE_DEBUG_INFO = NO;
				MTL_FAST_MATH = YES;
				SDKROOT = iphoneos;
				SWIFT_COMPILATION_MODE = wholemodule;
				SWIFT_OPTIMIZATION_LEVEL = "-O";
				VALIDATE_PRODUCT = YES;
			};
			name = Release;
		};
		06924E9F2AA6188700D7F9FB /* Debug */ = {
			isa = XCBuildConfiguration;
			buildSettings = {
				ASSETCATALOG_COMPILER_APPICON_NAME = AppIcon;
				ASSETCATALOG_COMPILER_GLOBAL_ACCENT_COLOR_NAME = AccentColor;
				CODE_SIGN_STYLE = Automatic;
				CURRENT_PROJECT_VERSION = 1;
				GENERATE_INFOPLIST_FILE = YES;
				INFOPLIST_FILE = Quizzler/Info.plist;
				INFOPLIST_KEY_UIApplicationSupportsIndirectInputEvents = YES;
				INFOPLIST_KEY_UILaunchStoryboardName = LaunchScreen;
				INFOPLIST_KEY_UIMainStoryboardFile = Main;
				INFOPLIST_KEY_UISupportedInterfaceOrientations_iPad = "UIInterfaceOrientationPortrait UIInterfaceOrientationPortraitUpsideDown UIInterfaceOrientationLandscapeLeft UIInterfaceOrientationLandscapeRight";
				INFOPLIST_KEY_UISupportedInterfaceOrientations_iPhone = "UIInterfaceOrientationPortrait UIInterfaceOrientationLandscapeLeft UIInterfaceOrientationLandscapeRight";
				LD_RUNPATH_SEARCH_PATHS = (
					"$(inherited)",
					"@executable_path/Frameworks",
				);
				MARKETING_VERSION = 1.0;
				PRODUCT_BUNDLE_IDENTIFIER = com.nawra.Quizzler;
				PRODUCT_NAME = "$(TARGET_NAME)";
				SWIFT_EMIT_LOC_STRINGS = YES;
				SWIFT_VERSION = 5.0;
				TARGETED_DEVICE_FAMILY = "1,2";
			};
			name = Debug;
		};
		06924EA02AA6188700D7F9FB /* Release */ = {
			isa = XCBuildConfiguration;
			buildSettings = {
				ASSETCATALOG_COMPILER_APPICON_NAME = AppIcon;
				ASSETCATALOG_COMPILER_GLOBAL_ACCENT_COLOR_NAME = AccentColor;
				CODE_SIGN_STYLE = Automatic;
				CURRENT_PROJECT_VERSION = 1;
				GENERATE_INFOPLIST_FILE = YES;
				INFOPLIST_FILE = Quizzler/Info.plist;
				INFOPLIST_KEY_UIApplicationSupportsIndirectInputEvents = YES;
				INFOPLIST_KEY_UILaunchStoryboardName = LaunchScreen;
				INFOPLIST_KEY_UIMainStoryboardFile = Main;
				INFOPLIST_KEY_UISupportedInterfaceOrientations_iPad = "UIInterfaceOrientationPortrait UIInterfaceOrientationPortraitUpsideDown UIInterfaceOrientationLandscapeLeft UIInterfaceOrientationLandscapeRight";
				INFOPLIST_KEY_UISupportedInterfaceOrientations_iPhone = "UIInterfaceOrientationPortrait UIInterfaceOrientationLandscapeLeft UIInterfaceOrientationLandscapeRight";
				LD_RUNPATH_SEARCH_PATHS = (
					"$(inherited)",
					"@executable_path/Frameworks",
				);
				MARKETING_VERSION = 1.0;
				PRODUCT_BUNDLE_IDENTIFIER = com.nawra.Quizzler;
				PRODUCT_NAME = "$(TARGET_NAME)";
				SWIFT_EMIT_LOC_STRINGS = YES;
				SWIFT_VERSION = 5.0;
				TARGETED_DEVICE_FAMILY = "1,2";
			};
			name = Release;
		};
/* End XCBuildConfiguration section */

/* Begin XCConfigurationList section */
		06924E852AA6188700D7F9FB /* Build configuration list for PBXProject "Quizzler" */ = {
			isa = XCConfigurationList;
			buildConfigurations = (
				06924E9C2AA6188700D7F9FB /* Debug */,
				06924E9D2AA6188700D7F9FB /* Release */,
			);
			defaultConfigurationIsVisible = 0;
			defaultConfigurationName = Release;
		};
		06924E9E2AA6188700D7F9FB /* Build configuration list for PBXNativeTarget "Quizzler" */ = {
			isa = XCConfigurationList;
			buildConfigurations = (
				06924E9F2AA6188700D7F9FB /* Debug */,
				06924EA02AA6188700D7F9FB /* Release */,
			);
			defaultConfigurationIsVisible = 0;
			defaultConfigurationName = Release;
		};
/* End XCConfigurationList section */
	};
	rootObject = 06924E822AA6188700D7F9FB /* Project object */;
}
